
Microsoft Visual Studio Solution File, Format Version 12.00
# Visual Studio Version 16
VisualStudioVersion = 16.0.29806.167
MinimumVisualStudioVersion = 10.0.40219.1
Project("{FAE04EC0-301F-11D3-BF4B-00C04F79EFBC}") = "MVCBoostrap", "MVCBoostrap\MVCBoostrap.csproj", "{CA08B52D-3D32-42EF-90EE-8AF83822265A}"
EndProject
Global
	GlobalSection(SolutionConfigurationPlatforms) = preSolution
		Debug|Any CPU = Debug|Any CPU
		Release|Any CPU = Release|Any CPU
	EndGlobalSection
	GlobalSection(ProjectConfigurationPlatforms) = postSolution
		{CA08B52D-3D32-42EF-90EE-8AF83822265A}.Debug|Any CPU.ActiveCfg = Debug|Any CPU
		{CA08B52D-3D32-42EF-90EE-8AF83822265A}.Debug|Any CPU.Build.0 = Debug|Any CPU
		{CA08B52D-3D32-42EF-90EE-8AF83822265A}.Release|Any CPU.ActiveCfg = Release|Any CPU
		{CA08B52D-3D32-42EF-90EE-8AF83822265A}.Release|Any CPU.Build.0 = Release|Any CPU
	EndGlobalSection
	GlobalSection(SolutionProperties) = preSolution
		HideSolutionNode = FALSE
	EndGlobalSection
	GlobalSection(ExtensibilityGlobals) = postSolution
		SolutionGuid = {655B2E06-99D9-44C0-95B1-5B82A4F8CFAD}
	EndGlobalSection
EndGlobal
